
Microsoft Visual Studio Solution File, Format Version 12.00
# Visual Studio Version 17
VisualStudioVersion = 17.11.35327.3
MinimumVisualStudioVersion = 10.0.40219.1
Project("{FAE04EC0-301F-11D3-BF4B-00C04F79EFBC}") = "MassTransitAPI", "MassTransitAPI\MassTransitAPI.csproj", "{D5D0599F-3EA3-4D83-A1AC-6639DDFABE03}"
EndProject
Project("{FAE04EC0-301F-11D3-BF4B-00C04F79EFBC}") = "MassTransitEntity", "MassTransitEntity\MassTransitEntity.csproj", "{73978A35-AB1E-4378-B00B-4D969739499E}"
EndProject
Global
	GlobalSection(SolutionConfigurationPlatforms) = preSolution
		Debug|Any CPU = Debug|Any CPU
		Release|Any CPU = Release|Any CPU
	EndGlobalSection
	GlobalSection(ProjectConfigurationPlatforms) = postSolution
		{D5D0599F-3EA3-4D83-A1AC-6639DDFABE03}.Debug|Any CPU.ActiveCfg = Debug|Any CPU
		{D5D0599F-3EA3-4D83-A1AC-6639DDFABE03}.Debug|Any CPU.Build.0 = Debug|Any CPU
		{D5D0599F-3EA3-4D83-A1AC-6639DDFABE03}.Release|Any CPU.ActiveCfg = Release|Any CPU
		{D5D0599F-3EA3-4D83-A1AC-6639DDFABE03}.Release|Any CPU.Build.0 = Release|Any CPU
		{73978A35-AB1E-4378-B00B-4D969739499E}.Debug|Any CPU.ActiveCfg = Debug|Any CPU
		{73978A35-AB1E-4378-B00B-4D969739499E}.Debug|Any CPU.Build.0 = Debug|Any CPU
		{73978A35-AB1E-4378-B00B-4D969739499E}.Release|Any CPU.ActiveCfg = Release|Any CPU
		{73978A35-AB1E-4378-B00B-4D969739499E}.Release|Any CPU.Build.0 = Release|Any CPU
	EndGlobalSection
	GlobalSection(SolutionProperties) = preSolution
		HideSolutionNode = FALSE
	EndGlobalSection
	GlobalSection(ExtensibilityGlobals) = postSolution
		SolutionGuid = {DB3F423D-4DF4-4B5F-AADF-31210F6F955A}
	EndGlobalSection
EndGlobal
